
Microsoft Visual Studio Solution File, Format Version 12.00
# Visual Studio Version 16
VisualStudioVersion = 16.0.30011.22
MinimumVisualStudioVersion = 10.0.40219.1
Project("{FAE04EC0-301F-11D3-BF4B-00C04F79EFBC}") = "Alg_03", "Alg_03.csproj", "{FC1C78A2-A0D9-4DE0-8703-929232BD7CDF}"
EndProject
Global
	GlobalSection(SolutionConfigurationPlatforms) = preSolution
		Debug|Any CPU = Debug|Any CPU
		Release|Any CPU = Release|Any CPU
	EndGlobalSection
	GlobalSection(ProjectConfigurationPlatforms) = postSolution
		{FC1C78A2-A0D9-4DE0-8703-929232BD7CDF}.Debug|Any CPU.ActiveCfg = Debug|Any CPU
		{FC1C78A2-A0D9-4DE0-8703-929232BD7CDF}.Debug|Any CPU.Build.0 = Debug|Any CPU
		{FC1C78A2-A0D9-4DE0-8703-929232BD7CDF}.Release|Any CPU.ActiveCfg = Release|Any CPU
		{FC1C78A2-A0D9-4DE0-8703-929232BD7CDF}.Release|Any CPU.Build.0 = Release|Any CPU
	EndGlobalSection
	GlobalSection(SolutionProperties) = preSolution
		HideSolutionNode = FALSE
	EndGlobalSection
	GlobalSection(ExtensibilityGlobals) = postSolution
		SolutionGuid = {2F177230-5A7A-4531-9014-A67B99FF419D}
	EndGlobalSection
EndGlobal
